
Microsoft Visual Studio Solution File, Format Version 12.00
# Visual Studio Version 17
VisualStudioVersion = 17.11.35222.181
MinimumVisualStudioVersion = 10.0.40219.1
Project("{FAE04EC0-301F-11D3-BF4B-00C04F79EFBC}") = "Domain", "Domain\Domain.csproj", "{FF485FF8-CAC0-4873-98D6-20E433D61080}"
EndProject
Project("{FAE04EC0-301F-11D3-BF4B-00C04F79EFBC}") = "Infrastructure", "Infrastructure\Infrastructure.csproj", "{CE6C352F-3425-4C59-A9B3-2A02D398D77C}"
EndProject
Project("{FAE04EC0-301F-11D3-BF4B-00C04F79EFBC}") = "TicketManagementUI", "TicketManagementUI\TicketManagementUI.csproj", "{65703FF9-46DB-4445-A39D-E32606CEFBC8}"
EndProject
Global
	GlobalSection(SolutionConfigurationPlatforms) = preSolution
		Debug|Any CPU = Debug|Any CPU
		Release|Any CPU = Release|Any CPU
	EndGlobalSection
	GlobalSection(ProjectConfigurationPlatforms) = postSolution
		{FF485FF8-CAC0-4873-98D6-20E433D61080}.Debug|Any CPU.ActiveCfg = Debug|Any CPU
		{FF485FF8-CAC0-4873-98D6-20E433D61080}.Debug|Any CPU.Build.0 = Debug|Any CPU
		{FF485FF8-CAC0-4873-98D6-20E433D61080}.Release|Any CPU.ActiveCfg = Release|Any CPU
		{FF485FF8-CAC0-4873-98D6-20E433D61080}.Release|Any CPU.Build.0 = Release|Any CPU
		{CE6C352F-3425-4C59-A9B3-2A02D398D77C}.Debug|Any CPU.ActiveCfg = Debug|Any CPU
		{CE6C352F-3425-4C59-A9B3-2A02D398D77C}.Debug|Any CPU.Build.0 = Debug|Any CPU
		{CE6C352F-3425-4C59-A9B3-2A02D398D77C}.Release|Any CPU.ActiveCfg = Release|Any CPU
		{CE6C352F-3425-4C59-A9B3-2A02D398D77C}.Release|Any CPU.Build.0 = Release|Any CPU
		{65703FF9-46DB-4445-A39D-E32606CEFBC8}.Debug|Any CPU.ActiveCfg = Debug|Any CPU
		{65703FF9-46DB-4445-A39D-E32606CEFBC8}.Debug|Any CPU.Build.0 = Debug|Any CPU
		{65703FF9-46DB-4445-A39D-E32606CEFBC8}.Release|Any CPU.ActiveCfg = Release|Any CPU
		{65703FF9-46DB-4445-A39D-E32606CEFBC8}.Release|Any CPU.Build.0 = Release|Any CPU
	EndGlobalSection
	GlobalSection(SolutionProperties) = preSolution
		HideSolutionNode = FALSE
	EndGlobalSection
	GlobalSection(ExtensibilityGlobals) = postSolution
		SolutionGuid = {6A1C8CA6-1E11-427B-AF6B-563A62EE9AE8}
	EndGlobalSection
EndGlobal
